
Microsoft Visual Studio Solution File, Format Version 12.00
Project("{FAE04EC0-301F-11D3-BF4B-00C04F79EFBC}") = "COMP2139-Labs", "COMP2139-Labs.csproj", "{6EDC39AA-1CE4-45A1-B188-FCF475BF4509}"
EndProject
Global
	GlobalSection(SolutionConfigurationPlatforms) = preSolution
		Debug|Any CPU = Debug|Any CPU
		Release|Any CPU = Release|Any CPU
	EndGlobalSection
	GlobalSection(ProjectConfigurationPlatforms) = postSolution
		{6EDC39AA-1CE4-45A1-B188-FCF475BF4509}.Debug|Any CPU.ActiveCfg = Debug|Any CPU
		{6EDC39AA-1CE4-45A1-B188-FCF475BF4509}.Debug|Any CPU.Build.0 = Debug|Any CPU
		{6EDC39AA-1CE4-45A1-B188-FCF475BF4509}.Release|Any CPU.ActiveCfg = Release|Any CPU
		{6EDC39AA-1CE4-45A1-B188-FCF475BF4509}.Release|Any CPU.Build.0 = Release|Any CPU
	EndGlobalSection
EndGlobal
